<?xml version="1.0" encoding="utf-8"?>
<Project ToolsVersion="4.0" xmlns="http://schemas.microsoft.com/developer/msbuild/2003">
  <ItemGroup>
    <Filter Include="Source Files">
      <UniqueIdentifier>{4FC737F1-C7A5-4376-A066-2A32D752A2FF}</UniqueIdentifier>
      <Extensions>cpp;c;cc;cxx;def;odl;idl;hpj;bat;asm;asmx</Extensions>
    </Filter>
    <Filter Include="Header Files">
      <UniqueIdentifier>{93995380-89BD-4b04-88EB-625FBE52EBFB}</UniqueIdentifier>
      <Extensions>h;hh;hpp;hxx;hm;inl;inc;xsd</Extensions>
    </Filter>
    <Filter Include="Resource Files">
      <UniqueIdentifier>{67DA6AB6-F800-4c08-8B7A-83BB121AAD01}</UniqueIdentifier>
      <Extensions>rc;ico;cur;bmp;dlg;rc2;rct;bin;rgs;gif;jpg;jpeg;jpe;resx;tiff;tif;png;wav;mfcribbon-ms</Extensions>
    </Filter>
  </ItemGroup>
  <ItemGroup>
    <ClInclude Include="Account.h">
      <Filter>Header Files</Filter>
    </ClInclude>
    <ClInclude Include="AccountManager.h">
      <Filter>Header Files</Filter>
    </ClInclude>
    <ClInclude Include="Actor.h">
      <Filter>Header Files</Filter>
    </ClInclude>
    <ClInclude Include="ActorBonuses.h">
      <Filter>Header Files</Filter>
    </ClInclude>
    <ClInclude Include="AlternateCurrencyManager.h">
      <Filter>Header Files</Filter>
    </ClInclude>
    <ClInclude Include="BindLocation.h">
      <Filter>Header Files</Filter>
    </ClInclude>
    <ClInclude Include="Bonuses.h">
      <Filter>Header Files</Filter>
    </ClInclude>
    <ClInclude Include="BuffController.h">
      <Filter>Header Files</Filter>
    </ClInclude>
    <ClInclude Include="Character.h">
      <Filter>Header Files</Filter>
    </ClInclude>
    <ClInclude Include="CharacterFactory.h">
      <Filter>Header Files</Filter>
    </ClInclude>
    <ClInclude Include="ClientAuthentication.h">
      <Filter>Header Files</Filter>
    </ClInclude>
    <ClInclude Include="CombatSystem.h">
      <Filter>Header Files</Filter>
    </ClInclude>
    <ClInclude Include="CommandHandler.h">
      <Filter>Header Files</Filter>
    </ClInclude>
    <ClInclude Include="Constants.h">
      <Filter>Header Files</Filter>
    </ClInclude>
    <ClInclude Include="Data.h">
      <Filter>Header Files</Filter>
    </ClInclude>
    <ClInclude Include="DataValidation.h">
      <Filter>Header Files</Filter>
    </ClInclude>
    <ClInclude Include="EventDispatcher.h">
      <Filter>Header Files</Filter>
    </ClInclude>
    <ClInclude Include="ExperienceCalculator.h">
      <Filter>Header Files</Filter>
    </ClInclude>
    <ClInclude Include="ExperienceController.h">
      <Filter>Header Files</Filter>
    </ClInclude>
    <ClInclude Include="ExtendedTargetController.h">
      <Filter>Header Files</Filter>
    </ClInclude>
    <ClInclude Include="Group.h">
      <Filter>Header Files</Filter>
    </ClInclude>
    <ClInclude Include="GroupConstants.h">
      <Filter>Header Files</Filter>
    </ClInclude>
    <ClInclude Include="GroupManager.h">
      <Filter>Header Files</Filter>
    </ClInclude>
    <ClInclude Include="Guild.h">
      <Filter>Header Files</Filter>
    </ClInclude>
    <ClInclude Include="GuildManager.h">
      <Filter>Header Files</Filter>
    </ClInclude>
    <ClInclude Include="HateController.h">
      <Filter>Header Files</Filter>
    </ClInclude>
    <ClInclude Include="HateControllerFactory.h">
      <Filter>Header Files</Filter>
    </ClInclude>
    <ClInclude Include="IDataStore.h">
      <Filter>Header Files</Filter>
    </ClInclude>
    <ClInclude Include="Inventory.h">
      <Filter>Header Files</Filter>
    </ClInclude>
    <ClInclude Include="Item.h">
      <Filter>Header Files</Filter>
    </ClInclude>
    <ClInclude Include="ItemData.h">
      <Filter>Header Files</Filter>
    </ClInclude>
    <ClInclude Include="ItemDataStore.h">
      <Filter>Header Files</Filter>
    </ClInclude>
    <ClInclude Include="ItemFactory.h">
      <Filter>Header Files</Filter>
    </ClInclude>
    <ClInclude Include="ItemGenerator.h">
      <Filter>Header Files</Filter>
    </ClInclude>
    <ClInclude Include="Limits.h">
      <Filter>Header Files</Filter>
    </ClInclude>
    <ClInclude Include="LoginServerConnection.h">
      <Filter>Header Files</Filter>
    </ClInclude>
    <ClInclude Include="LogSystem.h">
      <Filter>Header Files</Filter>
    </ClInclude>
    <ClInclude Include="LootAllocator.h">
      <Filter>Header Files</Filter>
    </ClInclude>
    <ClInclude Include="LootController.h">
      <Filter>Header Files</Filter>
    </ClInclude>
    <ClInclude Include="LootHandler.h">
      <Filter>Header Files</Filter>
    </ClInclude>
    <ClInclude Include="NPC.h">
      <Filter>Header Files</Filter>
    </ClInclude>
    <ClInclude Include="NPCFactory.h">
      <Filter>Header Files</Filter>
    </ClInclude>
    <ClInclude Include="Object.h">
      <Filter>Header Files</Filter>
    </ClInclude>
    <ClInclude Include="OpCodes.h">
      <Filter>Header Files</Filter>
    </ClInclude>
    <ClInclude Include="Payload.h">
      <Filter>Header Files</Filter>
    </ClInclude>
    <ClInclude Include="Profile.h">
      <Filter>Header Files</Filter>
    </ClInclude>
    <ClInclude Include="Raid.h">
      <Filter>Header Files</Filter>
    </ClInclude>
    <ClInclude Include="RaidManager.h">
      <Filter>Header Files</Filter>
    </ClInclude>
    <ClInclude Include="Random.h">
      <Filter>Header Files</Filter>
    </ClInclude>
    <ClInclude Include="RespawnOptions.h">
      <Filter>Header Files</Filter>
    </ClInclude>
    <ClInclude Include="Scene.h">
      <Filter>Header Files</Filter>
    </ClInclude>
    <ClInclude Include="ServiceLocator.h">
      <Filter>Header Files</Filter>
    </ClInclude>
    <ClInclude Include="Settings.h">
      <Filter>Header Files</Filter>
    </ClInclude>
    <ClInclude Include="ShopDataStore.h">
      <Filter>Header Files</Filter>
    </ClInclude>
    <ClInclude Include="ShopHandler.h">
      <Filter>Header Files</Filter>
    </ClInclude>
    <ClInclude Include="Singleton.h">
      <Filter>Header Files</Filter>
    </ClInclude>
    <ClInclude Include="SpawnGroup.h">
      <Filter>Header Files</Filter>
    </ClInclude>
    <ClInclude Include="SpawnPoint.h">
      <Filter>Header Files</Filter>
    </ClInclude>
    <ClInclude Include="SpawnPointManager.h">
      <Filter>Header Files</Filter>
    </ClInclude>
    <ClInclude Include="SpellContants.h">
      <Filter>Header Files</Filter>
    </ClInclude>
    <ClInclude Include="SpellDataStore.h">
      <Filter>Header Files</Filter>
    </ClInclude>
    <ClInclude Include="StaticItemData.h">
      <Filter>Header Files</Filter>
    </ClInclude>
    <ClInclude Include="Task.h">
      <Filter>Header Files</Filter>
    </ClInclude>
    <ClInclude Include="TaskConstants.h">
      <Filter>Header Files</Filter>
    </ClInclude>
    <ClInclude Include="TaskController.h">
      <Filter>Header Files</Filter>
    </ClInclude>
    <ClInclude Include="TaskDataStore.h">
      <Filter>Header Files</Filter>
    </ClInclude>
    <ClInclude Include="Test_AccountManager.h">
      <Filter>Header Files</Filter>
    </ClInclude>
    <ClInclude Include="Test_AlternateCurrencyManager.h">
      <Filter>Header Files</Filter>
    </ClInclude>
    <ClInclude Include="Test_CharacterFactory.h">
      <Filter>Header Files</Filter>
    </ClInclude>
    <ClInclude Include="Test_GuildManager.h">
      <Filter>Header Files</Filter>
    </ClInclude>
    <ClInclude Include="Test_ItemDataStore.h">
      <Filter>Header Files</Filter>
    </ClInclude>
    <ClInclude Include="Test_ItemFactory.h">
      <Filter>Header Files</Filter>
    </ClInclude>
    <ClInclude Include="Test_ItemGenerator.h">
      <Filter>Header Files</Filter>
    </ClInclude>
    <ClInclude Include="Test_NPCFactory.h">
      <Filter>Header Files</Filter>
    </ClInclude>
    <ClInclude Include="Test_ShopDataStore.h">
      <Filter>Header Files</Filter>
    </ClInclude>
    <ClInclude Include="Test_SpellDataStore.h">
      <Filter>Header Files</Filter>
    </ClInclude>
    <ClInclude Include="Test_Transmutation.h">
      <Filter>Header Files</Filter>
    </ClInclude>
    <ClInclude Include="Test_Utility.h">
      <Filter>Header Files</Filter>
    </ClInclude>
    <ClInclude Include="Test_WorldConnectionHandlerSanity.h">
      <Filter>Header Files</Filter>
    </ClInclude>
    <ClInclude Include="Test_ZoneConnectionHandlerSanity.h">
      <Filter>Header Files</Filter>
    </ClInclude>
    <ClInclude Include="Test_ZoneDataStore.h">
      <Filter>Header Files</Filter>
    </ClInclude>
    <ClInclude Include="Testing.h">
      <Filter>Header Files</Filter>
    </ClInclude>
    <ClInclude Include="Timer.h">
      <Filter>Header Files</Filter>
    </ClInclude>
    <ClInclude Include="TimeUtility.h">
      <Filter>Header Files</Filter>
    </ClInclude>
    <ClInclude Include="TitleManager.h">
      <Filter>Header Files</Filter>
    </ClInclude>
    <ClInclude Include="TradeHandler.h">
      <Filter>Header Files</Filter>
    </ClInclude>
    <ClInclude Include="Transmutation.h">
      <Filter>Header Files</Filter>
    </ClInclude>
    <ClInclude Include="Types.h">
      <Filter>Header Files</Filter>
    </ClInclude>
    <ClInclude Include="UCS.h">
      <Filter>Header Files</Filter>
    </ClInclude>
    <ClInclude Include="UCSClientConnection.h">
      <Filter>Header Files</Filter>
    </ClInclude>
    <ClInclude Include="Utility.h">
      <Filter>Header Files</Filter>
    </ClInclude>
    <ClInclude Include="VariablePayload.h">
      <Filter>Header Files</Filter>
    </ClInclude>
    <ClInclude Include="Vector3.h">
      <Filter>Header Files</Filter>
    </ClInclude>
    <ClInclude Include="World.h">
      <Filter>Header Files</Filter>
    </ClInclude>
    <ClInclude Include="WorldConnection.h">
      <Filter>Header Files</Filter>
    </ClInclude>
    <ClInclude Include="XMLDataStore.h">
      <Filter>Header Files</Filter>
    </ClInclude>
    <ClInclude Include="Zone.h">
      <Filter>Header Files</Filter>
    </ClInclude>
    <ClInclude Include="ZoneConnection.h">
      <Filter>Header Files</Filter>
    </ClInclude>
    <ClInclude Include="ZoneConnectionManager.h">
      <Filter>Header Files</Filter>
    </ClInclude>
    <ClInclude Include="ZoneData.h">
      <Filter>Header Files</Filter>
    </ClInclude>
    <ClInclude Include="ZoneManager.h">
      <Filter>Header Files</Filter>
    </ClInclude>
    <ClInclude Include="AccountConstants.h">
      <Filter>Header Files</Filter>
    </ClInclude>
  </ItemGroup>
  <ItemGroup>
    <ClCompile Include="Account.cpp">
      <Filter>Source Files</Filter>
    </ClCompile>
    <ClCompile Include="AccountManager.cpp">
      <Filter>Source Files</Filter>
    </ClCompile>
    <ClCompile Include="Actor.cpp">
      <Filter>Source Files</Filter>
    </ClCompile>
    <ClCompile Include="AlternateCurrencyManager.cpp">
      <Filter>Source Files</Filter>
    </ClCompile>
    <ClCompile Include="BuffController.cpp">
      <Filter>Source Files</Filter>
    </ClCompile>
    <ClCompile Include="Character.cpp">
      <Filter>Source Files</Filter>
    </ClCompile>
    <ClCompile Include="CharacterFactory.cpp">
      <Filter>Source Files</Filter>
    </ClCompile>
    <ClCompile Include="CombatSystem.cpp">
      <Filter>Source Files</Filter>
    </ClCompile>
    <ClCompile Include="CommandHandler.cpp">
      <Filter>Source Files</Filter>
    </ClCompile>
    <ClCompile Include="DataValidation.cpp">
      <Filter>Source Files</Filter>
    </ClCompile>
    <ClCompile Include="EventDispatcher.cpp">
      <Filter>Source Files</Filter>
    </ClCompile>
    <ClCompile Include="ExperienceCalculator.cpp">
      <Filter>Source Files</Filter>
    </ClCompile>
    <ClCompile Include="ExperienceController.cpp">
      <Filter>Source Files</Filter>
    </ClCompile>
    <ClCompile Include="ExtendedTargetController.cpp">
      <Filter>Source Files</Filter>
    </ClCompile>
    <ClCompile Include="Group.cpp">
      <Filter>Source Files</Filter>
    </ClCompile>
    <ClCompile Include="GroupManager.cpp">
      <Filter>Source Files</Filter>
    </ClCompile>
    <ClCompile Include="Guild.cpp">
      <Filter>Source Files</Filter>
    </ClCompile>
    <ClCompile Include="GuildManager.cpp">
      <Filter>Source Files</Filter>
    </ClCompile>
    <ClCompile Include="HateController.cpp">
      <Filter>Source Files</Filter>
    </ClCompile>
    <ClCompile Include="HateControllerFactory.cpp">
      <Filter>Source Files</Filter>
    </ClCompile>
    <ClCompile Include="Inventory.cpp">
      <Filter>Source Files</Filter>
    </ClCompile>
    <ClCompile Include="Item.cpp">
      <Filter>Source Files</Filter>
    </ClCompile>
    <ClCompile Include="ItemDataStore.cpp">
      <Filter>Source Files</Filter>
    </ClCompile>
    <ClCompile Include="ItemFactory.cpp">
      <Filter>Source Files</Filter>
    </ClCompile>
    <ClCompile Include="ItemGenerator.cpp">
      <Filter>Source Files</Filter>
    </ClCompile>
    <ClCompile Include="Limits.cpp">
      <Filter>Source Files</Filter>
    </ClCompile>
    <ClCompile Include="LoginServerConnection.cpp">
      <Filter>Source Files</Filter>
    </ClCompile>
    <ClCompile Include="LogSystem.cpp">
      <Filter>Source Files</Filter>
    </ClCompile>
    <ClCompile Include="LootAllocator.cpp">
      <Filter>Source Files</Filter>
    </ClCompile>
    <ClCompile Include="LootController.cpp">
      <Filter>Source Files</Filter>
    </ClCompile>
    <ClCompile Include="LootHandler.cpp">
      <Filter>Source Files</Filter>
    </ClCompile>
    <ClCompile Include="main.cpp">
      <Filter>Source Files</Filter>
    </ClCompile>
    <ClCompile Include="NPC.cpp">
      <Filter>Source Files</Filter>
    </ClCompile>
    <ClCompile Include="NPCFactory.cpp">
      <Filter>Source Files</Filter>
    </ClCompile>
    <ClCompile Include="Payload.cpp">
      <Filter>Source Files</Filter>
    </ClCompile>
    <ClCompile Include="RaidManager.cpp">
      <Filter>Source Files</Filter>
    </ClCompile>
    <ClCompile Include="Random.cpp">
      <Filter>Source Files</Filter>
    </ClCompile>
    <ClCompile Include="Scene.cpp">
      <Filter>Source Files</Filter>
    </ClCompile>
    <ClCompile Include="ServiceLocator.cpp">
      <Filter>Source Files</Filter>
    </ClCompile>
    <ClCompile Include="Settings.cpp">
      <Filter>Source Files</Filter>
    </ClCompile>
    <ClCompile Include="ShopDataStore.cpp">
      <Filter>Source Files</Filter>
    </ClCompile>
    <ClCompile Include="ShopHandler.cpp">
      <Filter>Source Files</Filter>
    </ClCompile>
    <ClCompile Include="SpawnGroup.cpp">
      <Filter>Source Files</Filter>
    </ClCompile>
    <ClCompile Include="SpawnPoint.cpp">
      <Filter>Source Files</Filter>
    </ClCompile>
    <ClCompile Include="SpawnPointManager.cpp">
      <Filter>Source Files</Filter>
    </ClCompile>
    <ClCompile Include="SpellDataStore.cpp">
      <Filter>Source Files</Filter>
    </ClCompile>
    <ClCompile Include="StaticItemData.cpp">
      <Filter>Source Files</Filter>
    </ClCompile>
    <ClCompile Include="Task.cpp">
      <Filter>Source Files</Filter>
    </ClCompile>
    <ClCompile Include="TaskController.cpp">
      <Filter>Source Files</Filter>
    </ClCompile>
    <ClCompile Include="TaskDataStore.cpp">
      <Filter>Source Files</Filter>
    </ClCompile>
    <ClCompile Include="TestServercpp.cpp">
      <Filter>Source Files</Filter>
    </ClCompile>
    <ClCompile Include="TitleManager.cpp">
      <Filter>Source Files</Filter>
    </ClCompile>
    <ClCompile Include="TradeHandler.cpp">
      <Filter>Source Files</Filter>
    </ClCompile>
    <ClCompile Include="Transmutation.cpp">
      <Filter>Source Files</Filter>
    </ClCompile>
    <ClCompile Include="UCS.cpp">
      <Filter>Source Files</Filter>
    </ClCompile>
    <ClCompile Include="UCSClientConnection.cpp">
      <Filter>Source Files</Filter>
    </ClCompile>
    <ClCompile Include="Utility.cpp">
      <Filter>Source Files</Filter>
    </ClCompile>
    <ClCompile Include="World.cpp">
      <Filter>Source Files</Filter>
    </ClCompile>
    <ClCompile Include="WorldConnection.cpp">
      <Filter>Source Files</Filter>
    </ClCompile>
    <ClCompile Include="XMLDataStore.cpp">
      <Filter>Source Files</Filter>
    </ClCompile>
    <ClCompile Include="Zone.cpp">
      <Filter>Source Files</Filter>
    </ClCompile>
    <ClCompile Include="ZoneConnection.cpp">
      <Filter>Source Files</Filter>
    </ClCompile>
    <ClCompile Include="ZoneConnectionManager.cpp">
      <Filter>Source Files</Filter>
    </ClCompile>
    <ClCompile Include="ZoneData.cpp">
      <Filter>Source Files</Filter>
    </ClCompile>
    <ClCompile Include="ZoneManager.cpp">
      <Filter>Source Files</Filter>
    </ClCompile>
  </ItemGroup>
</Project>