<?xml version="1.0" encoding="utf-8"?>
<Project ToolsVersion="4.0" xmlns="http://schemas.microsoft.com/developer/msbuild/2003">
  <ItemGroup>
    <Filter Include="Source Files">
      <UniqueIdentifier>{4FC737F1-C7A5-4376-A066-2A32D752A2FF}</UniqueIdentifier>
      <Extensions>cpp;c;cc;cxx;def;odl;idl;hpj;bat;asm;asmx</Extensions>
    </Filter>
    <Filter Include="Header Files">
      <UniqueIdentifier>{93995380-89BD-4b04-88EB-625FBE52EBFB}</UniqueIdentifier>
      <Extensions>h;hh;hpp;hxx;hm;inl;inc;xsd</Extensions>
    </Filter>
    <Filter Include="Resource Files">
      <UniqueIdentifier>{67DA6AB6-F800-4c08-8B7A-83BB121AAD01}</UniqueIdentifier>
      <Extensions>rc;ico;cur;bmp;dlg;rc2;rct;bin;rgs;gif;jpg;jpeg;jpe;resx;tiff;tif;png;wav;mfcribbon-ms</Extensions>
    </Filter>
    <Filter Include="patches">
      <UniqueIdentifier>{a1c2020b-d49e-459c-affb-8a4e8055bea7}</UniqueIdentifier>
    </Filter>
    <Filter Include="StackWalker">
      <UniqueIdentifier>{87bf886b-5548-49bd-8e95-6ee82591fbb5}</UniqueIdentifier>
    </Filter>
    <Filter Include="tinyxml">
      <UniqueIdentifier>{ebb39311-9727-4c8a-9de8-95601d470072}</UniqueIdentifier>
    </Filter>
  </ItemGroup>
  <ItemGroup>
    <Text Include="ReadMe.txt" />
  </ItemGroup>
  <ItemGroup>
    <ClInclude Include="BasePacket.h">
      <Filter>Header Files</Filter>
    </ClInclude>
    <ClInclude Include="crash.h">
      <Filter>Header Files</Filter>
    </ClInclude>
    <ClInclude Include="CRC16.h">
      <Filter>Header Files</Filter>
    </ClInclude>
    <ClInclude Include="crc32.h">
      <Filter>Header Files</Filter>
    </ClInclude>
    <ClInclude Include="emu_opcodes.h">
      <Filter>Header Files</Filter>
    </ClInclude>
    <ClInclude Include="emu_oplist.h">
      <Filter>Header Files</Filter>
    </ClInclude>
    <ClInclude Include="EmuTCPConnection.h">
      <Filter>Header Files</Filter>
    </ClInclude>
    <ClInclude Include="EmuTCPServer.h">
      <Filter>Header Files</Filter>
    </ClInclude>
    <ClInclude Include="eq_packet_structs.h">
      <Filter>Header Files</Filter>
    </ClInclude>
    <ClInclude Include="EQPacket.h">
      <Filter>Header Files</Filter>
    </ClInclude>
    <ClInclude Include="EQStream.h">
      <Filter>Header Files</Filter>
    </ClInclude>
    <ClInclude Include="EQStreamFactory.h">
      <Filter>Header Files</Filter>
    </ClInclude>
    <ClInclude Include="EQStreamIdent.h">
      <Filter>Header Files</Filter>
    </ClInclude>
    <ClInclude Include="EQStreamIntf.h">
      <Filter>Header Files</Filter>
    </ClInclude>
    <ClInclude Include="EQStreamProxy.h">
      <Filter>Header Files</Filter>
    </ClInclude>
    <ClInclude Include="EQStreamType.h">
      <Filter>Header Files</Filter>
    </ClInclude>
    <ClInclude Include="logsys.h">
      <Filter>Header Files</Filter>
    </ClInclude>
    <ClInclude Include="logtypes.h">
      <Filter>Header Files</Filter>
    </ClInclude>
    <ClInclude Include="mail_oplist.h">
      <Filter>Header Files</Filter>
    </ClInclude>
    <ClInclude Include="misc.h">
      <Filter>Header Files</Filter>
    </ClInclude>
    <ClInclude Include="miscfunctions.h">
      <Filter>Header Files</Filter>
    </ClInclude>
    <ClInclude Include="mutex.h">
      <Filter>Header Files</Filter>
    </ClInclude>
    <ClInclude Include="op_codes.h">
      <Filter>Header Files</Filter>
    </ClInclude>
    <ClInclude Include="opcodemgr.h">
      <Filter>Header Files</Filter>
    </ClInclude>
    <ClInclude Include="packet_dump.h">
      <Filter>Header Files</Filter>
    </ClInclude>
    <ClInclude Include="packet_dump_file.h">
      <Filter>Header Files</Filter>
    </ClInclude>
    <ClInclude Include="packet_functions.h">
      <Filter>Header Files</Filter>
    </ClInclude>
    <ClInclude Include="platform.h">
      <Filter>Header Files</Filter>
    </ClInclude>
    <ClInclude Include="queue.h">
      <Filter>Header Files</Filter>
    </ClInclude>
    <ClInclude Include="servertalk.h">
      <Filter>Header Files</Filter>
    </ClInclude>
    <ClInclude Include="StringUtil.h">
      <Filter>Header Files</Filter>
    </ClInclude>
    <ClInclude Include="StructStrategy.h">
      <Filter>Header Files</Filter>
    </ClInclude>
    <ClInclude Include="TCPBasicServer.h">
      <Filter>Header Files</Filter>
    </ClInclude>
    <ClInclude Include="tcpconnection.h">
      <Filter>Header Files</Filter>
    </ClInclude>
    <ClInclude Include="TCPServer.h">
      <Filter>Header Files</Filter>
    </ClInclude>
    <ClInclude Include="timeoutmgr.h">
      <Filter>Header Files</Filter>
    </ClInclude>
    <ClInclude Include="timer.h">
      <Filter>Header Files</Filter>
    </ClInclude>
    <ClInclude Include="types.h">
      <Filter>Header Files</Filter>
    </ClInclude>
    <ClInclude Include="patches\SSDeclare.h">
      <Filter>patches</Filter>
    </ClInclude>
    <ClInclude Include="patches\SSDefine.h">
      <Filter>patches</Filter>
    </ClInclude>
    <ClInclude Include="patches\SSRegister.h">
      <Filter>patches</Filter>
    </ClInclude>
    <ClInclude Include="patches\Underfoot.h">
      <Filter>patches</Filter>
    </ClInclude>
    <ClInclude Include="patches\Underfoot_ops.h">
      <Filter>patches</Filter>
    </ClInclude>
    <ClInclude Include="patches\Underfoot_structs.h">
      <Filter>patches</Filter>
    </ClInclude>
    <ClInclude Include="StackWalker\StackWalker.h">
      <Filter>StackWalker</Filter>
    </ClInclude>
    <ClInclude Include="tinyxml\tinystr.h">
      <Filter>tinyxml</Filter>
    </ClInclude>
    <ClInclude Include="tinyxml\tinyxml.h">
      <Filter>tinyxml</Filter>
    </ClInclude>
  </ItemGroup>
  <ItemGroup>
    <ClCompile Include="BasePacket.cpp">
      <Filter>Source Files</Filter>
    </ClCompile>
    <ClCompile Include="crash.cpp">
      <Filter>Source Files</Filter>
    </ClCompile>
    <ClCompile Include="CRC16.cpp">
      <Filter>Source Files</Filter>
    </ClCompile>
    <ClCompile Include="crc32.cpp">
      <Filter>Source Files</Filter>
    </ClCompile>
    <ClCompile Include="emu_opcodes.cpp">
      <Filter>Source Files</Filter>
    </ClCompile>
    <ClCompile Include="EmuTCPConnection.cpp">
      <Filter>Source Files</Filter>
    </ClCompile>
    <ClCompile Include="EmuTCPServer.cpp">
      <Filter>Source Files</Filter>
    </ClCompile>
    <ClCompile Include="EQPacket.cpp">
      <Filter>Source Files</Filter>
    </ClCompile>
    <ClCompile Include="EQStream.cpp">
      <Filter>Source Files</Filter>
    </ClCompile>
    <ClCompile Include="EQStreamFactory.cpp">
      <Filter>Source Files</Filter>
    </ClCompile>
    <ClCompile Include="EQStreamIdent.cpp">
      <Filter>Source Files</Filter>
    </ClCompile>
    <ClCompile Include="EQStreamProxy.cpp">
      <Filter>Source Files</Filter>
    </ClCompile>
    <ClCompile Include="misc.cpp">
      <Filter>Source Files</Filter>
    </ClCompile>
    <ClCompile Include="miscfunctions.cpp">
      <Filter>Source Files</Filter>
    </ClCompile>
    <ClCompile Include="Mutex.cpp">
      <Filter>Source Files</Filter>
    </ClCompile>
    <ClCompile Include="opcodemgr.cpp">
      <Filter>Source Files</Filter>
    </ClCompile>
    <ClCompile Include="packet_dump.cpp">
      <Filter>Source Files</Filter>
    </ClCompile>
    <ClCompile Include="packet_dump_file.cpp">
      <Filter>Source Files</Filter>
    </ClCompile>
    <ClCompile Include="packet_functions.cpp">
      <Filter>Source Files</Filter>
    </ClCompile>
    <ClCompile Include="platform.cpp">
      <Filter>Source Files</Filter>
    </ClCompile>
    <ClCompile Include="StructStrategy.cpp">
      <Filter>Source Files</Filter>
    </ClCompile>
    <ClCompile Include="TCPConnection.cpp">
      <Filter>Source Files</Filter>
    </ClCompile>
    <ClCompile Include="TCPServer.cpp">
      <Filter>Source Files</Filter>
    </ClCompile>
    <ClCompile Include="timeoutmgr.cpp">
      <Filter>Source Files</Filter>
    </ClCompile>
    <ClCompile Include="timer.cpp">
      <Filter>Source Files</Filter>
    </ClCompile>
    <ClCompile Include="patches\Underfoot.cpp">
      <Filter>patches</Filter>
    </ClCompile>
    <ClCompile Include="StackWalker\StackWalker.cpp">
      <Filter>StackWalker</Filter>
    </ClCompile>
    <ClCompile Include="tinyxml\tinystr.cpp">
      <Filter>tinyxml</Filter>
    </ClCompile>
    <ClCompile Include="tinyxml\tinyxml.cpp">
      <Filter>tinyxml</Filter>
    </ClCompile>
    <ClCompile Include="tinyxml\tinyxmlerror.cpp">
      <Filter>tinyxml</Filter>
    </ClCompile>
    <ClCompile Include="tinyxml\tinyxmlparser.cpp">
      <Filter>tinyxml</Filter>
    </ClCompile>
  </ItemGroup>
</Project>